
Microsoft Visual Studio Solution File, Format Version 12.00
# Visual Studio 2012
Project("{FAE04EC0-301F-11D3-BF4B-00C04F79EFBC}") = "FKJDebugProgram", "FKJDebugProgram\FKJDebugProgram.csproj", "{7577F78B-EDBB-4A68-94A8-F89E529E1ACF}"
EndProject
Global
	GlobalSection(SolutionConfigurationPlatforms) = preSolution
		Debug|Any CPU = Debug|Any CPU
		Release|Any CPU = Release|Any CPU
	EndGlobalSection
	GlobalSection(ProjectConfigurationPlatforms) = postSolution
		{7577F78B-EDBB-4A68-94A8-F89E529E1ACF}.Debug|Any CPU.ActiveCfg = Debug|Any CPU
		{7577F78B-EDBB-4A68-94A8-F89E529E1ACF}.Debug|Any CPU.Build.0 = Debug|Any CPU
		{7577F78B-EDBB-4A68-94A8-F89E529E1ACF}.Release|Any CPU.ActiveCfg = Release|Any CPU
		{7577F78B-EDBB-4A68-94A8-F89E529E1ACF}.Release|Any CPU.Build.0 = Release|Any CPU
	EndGlobalSection
	GlobalSection(SolutionProperties) = preSolution
		HideSolutionNode = FALSE
	EndGlobalSection
EndGlobal
